
Microsoft Visual Studio Solution File, Format Version 12.00
# Visual Studio Version 17
VisualStudioVersion = 17.7.34031.279
MinimumVisualStudioVersion = 10.0.40219.1
Project("{FAE04EC0-301F-11D3-BF4B-00C04F79EFBC}") = "EncapsulationHomeTask", "EncapsulationHomeTask\EncapsulationHomeTask.csproj", "{7D9F6C4C-2632-4ACE-8269-9314D1CE45E3}"
EndProject
Global
	GlobalSection(SolutionConfigurationPlatforms) = preSolution
		Debug|Any CPU = Debug|Any CPU
		Release|Any CPU = Release|Any CPU
	EndGlobalSection
	GlobalSection(ProjectConfigurationPlatforms) = postSolution
		{7D9F6C4C-2632-4ACE-8269-9314D1CE45E3}.Debug|Any CPU.ActiveCfg = Debug|Any CPU
		{7D9F6C4C-2632-4ACE-8269-9314D1CE45E3}.Debug|Any CPU.Build.0 = Debug|Any CPU
		{7D9F6C4C-2632-4ACE-8269-9314D1CE45E3}.Release|Any CPU.ActiveCfg = Release|Any CPU
		{7D9F6C4C-2632-4ACE-8269-9314D1CE45E3}.Release|Any CPU.Build.0 = Release|Any CPU
	EndGlobalSection
	GlobalSection(SolutionProperties) = preSolution
		HideSolutionNode = FALSE
	EndGlobalSection
	GlobalSection(ExtensibilityGlobals) = postSolution
		SolutionGuid = {7A21EF87-1064-448C-ACD9-0C7EE2DFF5C4}
	EndGlobalSection
EndGlobal
